
Microsoft Visual Studio Solution File, Format Version 12.00
# Visual Studio Version 17
VisualStudioVersion = 17.7.34024.191
MinimumVisualStudioVersion = 10.0.40219.1
Project("{FAE04EC0-301F-11D3-BF4B-00C04F79EFBC}") = "SahilAssign", "SahilAssign\SahilAssign.csproj", "{9750BDE4-8C6C-42AC-8CEC-2A75D2872D3A}"
EndProject
Global
	GlobalSection(SolutionConfigurationPlatforms) = preSolution
		Debug|Any CPU = Debug|Any CPU
		Release|Any CPU = Release|Any CPU
	EndGlobalSection
	GlobalSection(ProjectConfigurationPlatforms) = postSolution
		{9750BDE4-8C6C-42AC-8CEC-2A75D2872D3A}.Debug|Any CPU.ActiveCfg = Debug|Any CPU
		{9750BDE4-8C6C-42AC-8CEC-2A75D2872D3A}.Debug|Any CPU.Build.0 = Debug|Any CPU
		{9750BDE4-8C6C-42AC-8CEC-2A75D2872D3A}.Release|Any CPU.ActiveCfg = Release|Any CPU
		{9750BDE4-8C6C-42AC-8CEC-2A75D2872D3A}.Release|Any CPU.Build.0 = Release|Any CPU
	EndGlobalSection
	GlobalSection(SolutionProperties) = preSolution
		HideSolutionNode = FALSE
	EndGlobalSection
	GlobalSection(ExtensibilityGlobals) = postSolution
		SolutionGuid = {4D88225E-A313-48C0-8B32-C506B5183E9E}
	EndGlobalSection
EndGlobal
